
Microsoft Visual Studio Solution File, Format Version 12.00
# Visual Studio 15
VisualStudioVersion = 15.0.27004.2009
MinimumVisualStudioVersion = 10.0.40219.1
Project("{FAE04EC0-301F-11D3-BF4B-00C04F79EFBC}") = "SenparcCourse", "SenparcCourse\SenparcCourse.csproj", "{9B6D515B-363D-4468-9C71-EA1FB9D1CF69}"
EndProject
Project("{FAE04EC0-301F-11D3-BF4B-00C04F79EFBC}") = "SenparcCourse.Tests", "SenparcCourse.Tests\SenparcCourse.Tests.csproj", "{98AAD978-5E94-4152-B5F4-5D8B640F5F05}"
EndProject
Project("{FAE04EC0-301F-11D3-BF4B-00C04F79EFBC}") = "SenparcCourse.Service", "SenparcCourse.Service\SenparcCourse.Service.csproj", "{0816F685-FEBF-4B73-BA81-907B4592491D}"
EndProject
Global
	GlobalSection(SolutionConfigurationPlatforms) = preSolution
		Debug|Any CPU = Debug|Any CPU
		Release|Any CPU = Release|Any CPU
	EndGlobalSection
	GlobalSection(ProjectConfigurationPlatforms) = postSolution
		{9B6D515B-363D-4468-9C71-EA1FB9D1CF69}.Debug|Any CPU.ActiveCfg = Debug|Any CPU
		{9B6D515B-363D-4468-9C71-EA1FB9D1CF69}.Debug|Any CPU.Build.0 = Debug|Any CPU
		{9B6D515B-363D-4468-9C71-EA1FB9D1CF69}.Release|Any CPU.ActiveCfg = Release|Any CPU
		{9B6D515B-363D-4468-9C71-EA1FB9D1CF69}.Release|Any CPU.Build.0 = Release|Any CPU
		{98AAD978-5E94-4152-B5F4-5D8B640F5F05}.Debug|Any CPU.ActiveCfg = Debug|Any CPU
		{98AAD978-5E94-4152-B5F4-5D8B640F5F05}.Debug|Any CPU.Build.0 = Debug|Any CPU
		{98AAD978-5E94-4152-B5F4-5D8B640F5F05}.Release|Any CPU.ActiveCfg = Release|Any CPU
		{98AAD978-5E94-4152-B5F4-5D8B640F5F05}.Release|Any CPU.Build.0 = Release|Any CPU
		{0816F685-FEBF-4B73-BA81-907B4592491D}.Debug|Any CPU.ActiveCfg = Debug|Any CPU
		{0816F685-FEBF-4B73-BA81-907B4592491D}.Debug|Any CPU.Build.0 = Debug|Any CPU
		{0816F685-FEBF-4B73-BA81-907B4592491D}.Release|Any CPU.ActiveCfg = Release|Any CPU
		{0816F685-FEBF-4B73-BA81-907B4592491D}.Release|Any CPU.Build.0 = Release|Any CPU
	EndGlobalSection
	GlobalSection(SolutionProperties) = preSolution
		HideSolutionNode = FALSE
	EndGlobalSection
	GlobalSection(ExtensibilityGlobals) = postSolution
		SolutionGuid = {E4474BC5-C230-4DF2-A911-9A01536B3814}
	EndGlobalSection
EndGlobal
